
Microsoft Visual Studio Solution File, Format Version 12.00
# Visual Studio Version 17
VisualStudioVersion = 17.3.32929.385
MinimumVisualStudioVersion = 10.0.40219.1
Project("{FAE04EC0-301F-11D3-BF4B-00C04F79EFBC}") = "BookStore.API", "BookStore.API\BookStore.API.csproj", "{A1BF6338-505E-445E-BEB5-F9383FA8C0D8}"
EndProject
Global
	GlobalSection(SolutionConfigurationPlatforms) = preSolution
		Debug|Any CPU = Debug|Any CPU
		Release|Any CPU = Release|Any CPU
	EndGlobalSection
	GlobalSection(ProjectConfigurationPlatforms) = postSolution
		{A1BF6338-505E-445E-BEB5-F9383FA8C0D8}.Debug|Any CPU.ActiveCfg = Debug|Any CPU
		{A1BF6338-505E-445E-BEB5-F9383FA8C0D8}.Debug|Any CPU.Build.0 = Debug|Any CPU
		{A1BF6338-505E-445E-BEB5-F9383FA8C0D8}.Release|Any CPU.ActiveCfg = Release|Any CPU
		{A1BF6338-505E-445E-BEB5-F9383FA8C0D8}.Release|Any CPU.Build.0 = Release|Any CPU
	EndGlobalSection
	GlobalSection(SolutionProperties) = preSolution
		HideSolutionNode = FALSE
	EndGlobalSection
	GlobalSection(ExtensibilityGlobals) = postSolution
		SolutionGuid = {47C44E61-747F-4CBB-89DB-CD0828354D0A}
	EndGlobalSection
EndGlobal
